
Microsoft Visual Studio Solution File, Format Version 12.00
# Visual Studio Version 17
VisualStudioVersion = 17.3.32708.82
MinimumVisualStudioVersion = 10.0.40219.1
Project("{9A19103F-16F7-4668-BE54-9A1E7A4F7556}") = "QuranVideoMaker", "QuranVideoMaker\QuranVideoMaker.csproj", "{AD5C2903-8D71-4D21-A775-A75E6AD8000A}"
EndProject
Project("{2150E333-8FDC-42A3-9474-1A3956D46DE8}") = "Solution Items", "Solution Items", "{0B6F73F6-6A49-4CA7-8661-B8104D8001E4}"
	ProjectSection(SolutionItems) = preProject
		..\LICENSE.md = ..\LICENSE.md
		..\README.md = ..\README.md
	EndProjectSection
EndProject
Project("{2150E333-8FDC-42A3-9474-1A3956D46DE8}") = "Tests", "Tests", "{119C65FE-07D8-49E0-A0B0-5771CB3222F2}"
EndProject
Project("{9A19103F-16F7-4668-BE54-9A1E7A4F7556}") = "QuranVideoMaker.Tests", "..\tests\QuranVideoMaker.Tests\QuranVideoMaker.Tests.csproj", "{F7CD3851-9E99-4B10-9948-82DA69C03986}"
EndProject
Project("{FAE04EC0-301F-11D3-BF4B-00C04F79EFBC}") = "QuranImageMaker", "QuranImageMaker\QuranImageMaker.csproj", "{7F459CA2-CC79-19A2-BCB7-A06A448C62B5}"
EndProject
Project("{FAE04EC0-301F-11D3-BF4B-00C04F79EFBC}") = "QuranImageMaker.App", "QuranImageMaker.App\QuranImageMaker.App.csproj", "{86E209AA-37C7-5E4F-365F-007E277E01C1}"
EndProject
Global
	GlobalSection(SolutionConfigurationPlatforms) = preSolution
		Debug|Any CPU = Debug|Any CPU
		Release|Any CPU = Release|Any CPU
	EndGlobalSection
	GlobalSection(ProjectConfigurationPlatforms) = postSolution
		{AD5C2903-8D71-4D21-A775-A75E6AD8000A}.Debug|Any CPU.ActiveCfg = Debug|Any CPU
		{AD5C2903-8D71-4D21-A775-A75E6AD8000A}.Debug|Any CPU.Build.0 = Debug|Any CPU
		{AD5C2903-8D71-4D21-A775-A75E6AD8000A}.Release|Any CPU.ActiveCfg = Release|Any CPU
		{AD5C2903-8D71-4D21-A775-A75E6AD8000A}.Release|Any CPU.Build.0 = Release|Any CPU
		{F7CD3851-9E99-4B10-9948-82DA69C03986}.Debug|Any CPU.ActiveCfg = Debug|Any CPU
		{F7CD3851-9E99-4B10-9948-82DA69C03986}.Debug|Any CPU.Build.0 = Debug|Any CPU
		{F7CD3851-9E99-4B10-9948-82DA69C03986}.Release|Any CPU.ActiveCfg = Release|Any CPU
		{F7CD3851-9E99-4B10-9948-82DA69C03986}.Release|Any CPU.Build.0 = Release|Any CPU
		{7F459CA2-CC79-19A2-BCB7-A06A448C62B5}.Debug|Any CPU.ActiveCfg = Debug|Any CPU
		{7F459CA2-CC79-19A2-BCB7-A06A448C62B5}.Debug|Any CPU.Build.0 = Debug|Any CPU
		{7F459CA2-CC79-19A2-BCB7-A06A448C62B5}.Release|Any CPU.ActiveCfg = Release|Any CPU
		{7F459CA2-CC79-19A2-BCB7-A06A448C62B5}.Release|Any CPU.Build.0 = Release|Any CPU
		{86E209AA-37C7-5E4F-365F-007E277E01C1}.Debug|Any CPU.ActiveCfg = Debug|Any CPU
		{86E209AA-37C7-5E4F-365F-007E277E01C1}.Debug|Any CPU.Build.0 = Debug|Any CPU
		{86E209AA-37C7-5E4F-365F-007E277E01C1}.Release|Any CPU.ActiveCfg = Release|Any CPU
		{86E209AA-37C7-5E4F-365F-007E277E01C1}.Release|Any CPU.Build.0 = Release|Any CPU
	EndGlobalSection
	GlobalSection(SolutionProperties) = preSolution
		HideSolutionNode = FALSE
	EndGlobalSection
	GlobalSection(NestedProjects) = preSolution
		{F7CD3851-9E99-4B10-9948-82DA69C03986} = {119C65FE-07D8-49E0-A0B0-5771CB3222F2}
	EndGlobalSection
	GlobalSection(ExtensibilityGlobals) = postSolution
		SolutionGuid = {BD6BB7DA-8F56-4BDA-8229-0BFA4E017914}
	EndGlobalSection
EndGlobal
